
Microsoft Visual Studio Solution File, Format Version 12.00
Project("{FAE04EC0-301F-11D3-BF4B-00C04F79EFBC}") = "COS368FinalJokeApp", "COS368FinalJokeApp\COS368FinalJokeApp\COS368FinalJokeApp.csproj", "{3572765F-41C5-406C-BF99-44AF97317A11}"
EndProject
Project("{FAE04EC0-301F-11D3-BF4B-00C04F79EFBC}") = "COS368FinalJokeApp.Android", "COS368FinalJokeApp\COS368FinalJokeApp.Android\COS368FinalJokeApp.Android.csproj", "{266F8377-32AF-4BB5-ABAB-01D4FD92ED25}"
EndProject
Project("{FAE04EC0-301F-11D3-BF4B-00C04F79EFBC}") = "COS368FinalJokeApp.iOS", "COS368FinalJokeApp\COS368FinalJokeApp.iOS\COS368FinalJokeApp.iOS.csproj", "{3BC89B56-CDA8-4FDF-964B-54F4C88F170E}"
EndProject
Global
	GlobalSection(SolutionConfigurationPlatforms) = preSolution
		Ad-Hoc|iPhone = Ad-Hoc|iPhone
		AppStore|iPhone = AppStore|iPhone
		Debug|Any CPU = Debug|Any CPU
		Debug|iPhone = Debug|iPhone
		Debug|iPhoneSimulator = Debug|iPhoneSimulator
		Release|Any CPU = Release|Any CPU
		Release|iPhone = Release|iPhone
		Release|iPhoneSimulator = Release|iPhoneSimulator
	EndGlobalSection
	GlobalSection(ProjectConfigurationPlatforms) = postSolution
		{3572765F-41C5-406C-BF99-44AF97317A11}.Ad-Hoc|iPhone.ActiveCfg = Debug|Any CPU
		{3572765F-41C5-406C-BF99-44AF97317A11}.Ad-Hoc|iPhone.Build.0 = Debug|Any CPU
		{3572765F-41C5-406C-BF99-44AF97317A11}.AppStore|iPhone.ActiveCfg = Debug|Any CPU
		{3572765F-41C5-406C-BF99-44AF97317A11}.AppStore|iPhone.Build.0 = Debug|Any CPU
		{3572765F-41C5-406C-BF99-44AF97317A11}.Debug|Any CPU.ActiveCfg = Debug|Any CPU
		{3572765F-41C5-406C-BF99-44AF97317A11}.Debug|Any CPU.Build.0 = Debug|Any CPU
		{3572765F-41C5-406C-BF99-44AF97317A11}.Debug|iPhone.ActiveCfg = Debug|Any CPU
		{3572765F-41C5-406C-BF99-44AF97317A11}.Debug|iPhone.Build.0 = Debug|Any CPU
		{3572765F-41C5-406C-BF99-44AF97317A11}.Debug|iPhoneSimulator.ActiveCfg = Debug|Any CPU
		{3572765F-41C5-406C-BF99-44AF97317A11}.Debug|iPhoneSimulator.Build.0 = Debug|Any CPU
		{3572765F-41C5-406C-BF99-44AF97317A11}.Release|Any CPU.ActiveCfg = Release|Any CPU
		{3572765F-41C5-406C-BF99-44AF97317A11}.Release|Any CPU.Build.0 = Release|Any CPU
		{3572765F-41C5-406C-BF99-44AF97317A11}.Release|iPhone.ActiveCfg = Release|Any CPU
		{3572765F-41C5-406C-BF99-44AF97317A11}.Release|iPhone.Build.0 = Release|Any CPU
		{3572765F-41C5-406C-BF99-44AF97317A11}.Release|iPhoneSimulator.ActiveCfg = Release|Any CPU
		{3572765F-41C5-406C-BF99-44AF97317A11}.Release|iPhoneSimulator.Build.0 = Release|Any CPU
		{266F8377-32AF-4BB5-ABAB-01D4FD92ED25}.Ad-Hoc|iPhone.ActiveCfg = Debug|Any CPU
		{266F8377-32AF-4BB5-ABAB-01D4FD92ED25}.Ad-Hoc|iPhone.Build.0 = Debug|Any CPU
		{266F8377-32AF-4BB5-ABAB-01D4FD92ED25}.Ad-Hoc|iPhone.Deploy.0 = Debug|Any CPU
		{266F8377-32AF-4BB5-ABAB-01D4FD92ED25}.AppStore|iPhone.ActiveCfg = Debug|Any CPU
		{266F8377-32AF-4BB5-ABAB-01D4FD92ED25}.AppStore|iPhone.Build.0 = Debug|Any CPU
		{266F8377-32AF-4BB5-ABAB-01D4FD92ED25}.AppStore|iPhone.Deploy.0 = Debug|Any CPU
		{266F8377-32AF-4BB5-ABAB-01D4FD92ED25}.Debug|Any CPU.ActiveCfg = Debug|Any CPU
		{266F8377-32AF-4BB5-ABAB-01D4FD92ED25}.Debug|Any CPU.Build.0 = Debug|Any CPU
		{266F8377-32AF-4BB5-ABAB-01D4FD92ED25}.Debug|Any CPU.Deploy.0 = Debug|Any CPU
		{266F8377-32AF-4BB5-ABAB-01D4FD92ED25}.Debug|iPhone.ActiveCfg = Debug|Any CPU
		{266F8377-32AF-4BB5-ABAB-01D4FD92ED25}.Debug|iPhone.Build.0 = Debug|Any CPU
		{266F8377-32AF-4BB5-ABAB-01D4FD92ED25}.Debug|iPhone.Deploy.0 = Debug|Any CPU
		{266F8377-32AF-4BB5-ABAB-01D4FD92ED25}.Debug|iPhoneSimulator.ActiveCfg = Debug|Any CPU
		{266F8377-32AF-4BB5-ABAB-01D4FD92ED25}.Debug|iPhoneSimulator.Build.0 = Debug|Any CPU
		{266F8377-32AF-4BB5-ABAB-01D4FD92ED25}.Debug|iPhoneSimulator.Deploy.0 = Debug|Any CPU
		{266F8377-32AF-4BB5-ABAB-01D4FD92ED25}.Release|Any CPU.ActiveCfg = Release|Any CPU
		{266F8377-32AF-4BB5-ABAB-01D4FD92ED25}.Release|Any CPU.Build.0 = Release|Any CPU
		{266F8377-32AF-4BB5-ABAB-01D4FD92ED25}.Release|Any CPU.Deploy.0 = Release|Any CPU
		{266F8377-32AF-4BB5-ABAB-01D4FD92ED25}.Release|iPhone.ActiveCfg = Release|Any CPU
		{266F8377-32AF-4BB5-ABAB-01D4FD92ED25}.Release|iPhone.Build.0 = Release|Any CPU
		{266F8377-32AF-4BB5-ABAB-01D4FD92ED25}.Release|iPhone.Deploy.0 = Release|Any CPU
		{266F8377-32AF-4BB5-ABAB-01D4FD92ED25}.Release|iPhoneSimulator.ActiveCfg = Release|Any CPU
		{266F8377-32AF-4BB5-ABAB-01D4FD92ED25}.Release|iPhoneSimulator.Build.0 = Release|Any CPU
		{266F8377-32AF-4BB5-ABAB-01D4FD92ED25}.Release|iPhoneSimulator.Deploy.0 = Release|Any CPU
		{3BC89B56-CDA8-4FDF-964B-54F4C88F170E}.Ad-Hoc|iPhone.ActiveCfg = Ad-Hoc|iPhone
		{3BC89B56-CDA8-4FDF-964B-54F4C88F170E}.Ad-Hoc|iPhone.Build.0 = Ad-Hoc|iPhone
		{3BC89B56-CDA8-4FDF-964B-54F4C88F170E}.Ad-Hoc|iPhone.Deploy.0 = Ad-Hoc|iPhone
		{3BC89B56-CDA8-4FDF-964B-54F4C88F170E}.AppStore|iPhone.ActiveCfg = AppStore|iPhone
		{3BC89B56-CDA8-4FDF-964B-54F4C88F170E}.AppStore|iPhone.Build.0 = AppStore|iPhone
		{3BC89B56-CDA8-4FDF-964B-54F4C88F170E}.AppStore|iPhone.Deploy.0 = AppStore|iPhone
		{3BC89B56-CDA8-4FDF-964B-54F4C88F170E}.Debug|Any CPU.ActiveCfg = Debug|iPhoneSimulator
		{3BC89B56-CDA8-4FDF-964B-54F4C88F170E}.Debug|Any CPU.Build.0 = Debug|iPhoneSimulator
		{3BC89B56-CDA8-4FDF-964B-54F4C88F170E}.Debug|Any CPU.Deploy.0 = Debug|iPhoneSimulator
		{3BC89B56-CDA8-4FDF-964B-54F4C88F170E}.Debug|iPhone.ActiveCfg = Debug|iPhone
		{3BC89B56-CDA8-4FDF-964B-54F4C88F170E}.Debug|iPhone.Build.0 = Debug|iPhone
		{3BC89B56-CDA8-4FDF-964B-54F4C88F170E}.Debug|iPhone.Deploy.0 = Debug|iPhone
		{3BC89B56-CDA8-4FDF-964B-54F4C88F170E}.Debug|iPhoneSimulator.ActiveCfg = Debug|iPhoneSimulator
		{3BC89B56-CDA8-4FDF-964B-54F4C88F170E}.Debug|iPhoneSimulator.Build.0 = Debug|iPhoneSimulator
		{3BC89B56-CDA8-4FDF-964B-54F4C88F170E}.Debug|iPhoneSimulator.Deploy.0 = Debug|iPhoneSimulator
		{3BC89B56-CDA8-4FDF-964B-54F4C88F170E}.Release|Any CPU.ActiveCfg = Release|iPhoneSimulator
		{3BC89B56-CDA8-4FDF-964B-54F4C88F170E}.Release|Any CPU.Build.0 = Release|iPhoneSimulator
		{3BC89B56-CDA8-4FDF-964B-54F4C88F170E}.Release|Any CPU.Deploy.0 = Release|iPhoneSimulator
		{3BC89B56-CDA8-4FDF-964B-54F4C88F170E}.Release|iPhone.ActiveCfg = Release|iPhone
		{3BC89B56-CDA8-4FDF-964B-54F4C88F170E}.Release|iPhone.Build.0 = Release|iPhone
		{3BC89B56-CDA8-4FDF-964B-54F4C88F170E}.Release|iPhone.Deploy.0 = Release|iPhone
		{3BC89B56-CDA8-4FDF-964B-54F4C88F170E}.Release|iPhoneSimulator.ActiveCfg = Release|iPhoneSimulator
		{3BC89B56-CDA8-4FDF-964B-54F4C88F170E}.Release|iPhoneSimulator.Build.0 = Release|iPhoneSimulator
		{3BC89B56-CDA8-4FDF-964B-54F4C88F170E}.Release|iPhoneSimulator.Deploy.0 = Release|iPhoneSimulator
	EndGlobalSection
EndGlobal
